
Microsoft Visual Studio Solution File, Format Version 12.00
# Visual Studio Version 16
VisualStudioVersion = 16.0.31702.278
MinimumVisualStudioVersion = 10.0.40219.1
Project("{FAE04EC0-301F-11D3-BF4B-00C04F79EFBC}") = "Mvc.Datatables", "Mvc.Datatables\Mvc.Datatables.csproj", "{389ADE94-7C32-4885-812E-68A2A74C82D8}"
EndProject
Project("{FAE04EC0-301F-11D3-BF4B-00C04F79EFBC}") = "Mvc.Datatables.Sample.New", "Mvc.Datatables.Sample.New\Mvc.Datatables.Sample.New.csproj", "{8099DF31-912C-4516-B9FC-297541EAC5C2}"
EndProject
Project("{FAE04EC0-301F-11D3-BF4B-00C04F79EFBC}") = "Mvc.Datatables.Sample.Legacy", "Mvc.Datatables.Sample.Legacy\Mvc.Datatables.Sample.Legacy.csproj", "{3FC704B0-F3FA-4D65-8CA7-77B62B3CA55F}"
EndProject
Project("{2150E333-8FDC-42A3-9474-1A3956D46DE8}") = ".nuget", ".nuget", "{18752177-0C26-4E3A-AC5E-5115EA5A0F63}"
	ProjectSection(SolutionItems) = preProject
		.nuget\NuGet.Config = .nuget\NuGet.Config
		.nuget\NuGet.targets = .nuget\NuGet.targets
	EndProjectSection
EndProject
Global
	GlobalSection(SolutionConfigurationPlatforms) = preSolution
		Debug|Any CPU = Debug|Any CPU
		Release|Any CPU = Release|Any CPU
	EndGlobalSection
	GlobalSection(ProjectConfigurationPlatforms) = postSolution
		{389ADE94-7C32-4885-812E-68A2A74C82D8}.Debug|Any CPU.ActiveCfg = Debug|Any CPU
		{389ADE94-7C32-4885-812E-68A2A74C82D8}.Debug|Any CPU.Build.0 = Debug|Any CPU
		{389ADE94-7C32-4885-812E-68A2A74C82D8}.Release|Any CPU.ActiveCfg = Release|Any CPU
		{389ADE94-7C32-4885-812E-68A2A74C82D8}.Release|Any CPU.Build.0 = Release|Any CPU
		{8099DF31-912C-4516-B9FC-297541EAC5C2}.Debug|Any CPU.ActiveCfg = Debug|Any CPU
		{8099DF31-912C-4516-B9FC-297541EAC5C2}.Debug|Any CPU.Build.0 = Debug|Any CPU
		{8099DF31-912C-4516-B9FC-297541EAC5C2}.Release|Any CPU.ActiveCfg = Release|Any CPU
		{8099DF31-912C-4516-B9FC-297541EAC5C2}.Release|Any CPU.Build.0 = Release|Any CPU
		{3FC704B0-F3FA-4D65-8CA7-77B62B3CA55F}.Debug|Any CPU.ActiveCfg = Debug|Any CPU
		{3FC704B0-F3FA-4D65-8CA7-77B62B3CA55F}.Debug|Any CPU.Build.0 = Debug|Any CPU
		{3FC704B0-F3FA-4D65-8CA7-77B62B3CA55F}.Release|Any CPU.ActiveCfg = Release|Any CPU
		{3FC704B0-F3FA-4D65-8CA7-77B62B3CA55F}.Release|Any CPU.Build.0 = Release|Any CPU
	EndGlobalSection
	GlobalSection(SolutionProperties) = preSolution
		HideSolutionNode = FALSE
	EndGlobalSection
	GlobalSection(ExtensibilityGlobals) = postSolution
		SolutionGuid = {80A6532D-0F7D-40F2-BA14-562E0081F490}
	EndGlobalSection
EndGlobal
